
Microsoft Visual Studio Solution File, Format Version 12.00
# Visual Studio Version 17
VisualStudioVersion = 17.3.32929.385
MinimumVisualStudioVersion = 10.0.40219.1
Project("{FAE04EC0-301F-11D3-BF4B-00C04F79EFBC}") = "WeatherAPI", "WeatherAPI\WeatherAPI.csproj", "{16732AF6-8509-429F-97F7-2892DDD66FD4}"
EndProject
Global
	GlobalSection(SolutionConfigurationPlatforms) = preSolution
		Debug|Any CPU = Debug|Any CPU
		Release|Any CPU = Release|Any CPU
	EndGlobalSection
	GlobalSection(ProjectConfigurationPlatforms) = postSolution
		{16732AF6-8509-429F-97F7-2892DDD66FD4}.Debug|Any CPU.ActiveCfg = Debug|Any CPU
		{16732AF6-8509-429F-97F7-2892DDD66FD4}.Debug|Any CPU.Build.0 = Debug|Any CPU
		{16732AF6-8509-429F-97F7-2892DDD66FD4}.Release|Any CPU.ActiveCfg = Release|Any CPU
		{16732AF6-8509-429F-97F7-2892DDD66FD4}.Release|Any CPU.Build.0 = Release|Any CPU
	EndGlobalSection
	GlobalSection(SolutionProperties) = preSolution
		HideSolutionNode = FALSE
	EndGlobalSection
	GlobalSection(ExtensibilityGlobals) = postSolution
		SolutionGuid = {B7363CED-72B3-45B2-83B8-667E4A4772EC}
	EndGlobalSection
EndGlobal
